
Microsoft Visual Studio Solution File, Format Version 12.00
# Visual Studio 15
VisualStudioVersion = 15.0.27130.2026
MinimumVisualStudioVersion = 10.0.40219.1
Project("{FAE04EC0-301F-11D3-BF4B-00C04F79EFBC}") = "mora2", "mora2\mora2.csproj", "{77BB2097-9D69-4F69-B96C-59E24D6D806E}"
EndProject
Global
	GlobalSection(SolutionConfigurationPlatforms) = preSolution
		Debug|Any CPU = Debug|Any CPU
		Release|Any CPU = Release|Any CPU
	EndGlobalSection
	GlobalSection(ProjectConfigurationPlatforms) = postSolution
		{77BB2097-9D69-4F69-B96C-59E24D6D806E}.Debug|Any CPU.ActiveCfg = Debug|Any CPU
		{77BB2097-9D69-4F69-B96C-59E24D6D806E}.Debug|Any CPU.Build.0 = Debug|Any CPU
		{77BB2097-9D69-4F69-B96C-59E24D6D806E}.Release|Any CPU.ActiveCfg = Release|Any CPU
		{77BB2097-9D69-4F69-B96C-59E24D6D806E}.Release|Any CPU.Build.0 = Release|Any CPU
	EndGlobalSection
	GlobalSection(SolutionProperties) = preSolution
		HideSolutionNode = FALSE
	EndGlobalSection
	GlobalSection(ExtensibilityGlobals) = postSolution
		SolutionGuid = {1CDC2F8E-0A70-4E89-939D-CB744374A06F}
	EndGlobalSection
EndGlobal
